
Microsoft Visual Studio Solution File, Format Version 12.00
# Visual Studio Version 16
VisualStudioVersion = 16.0.29920.165
MinimumVisualStudioVersion = 10.0.40219.1
Project("{FAE04EC0-301F-11D3-BF4B-00C04F79EFBC}") = "Inventory", "Inventory\Inventory.csproj", "{D348AE4B-B7FB-405D-ADD7-BF877CF08DBA}"
EndProject
Global
	GlobalSection(SolutionConfigurationPlatforms) = preSolution
		Debug|Any CPU = Debug|Any CPU
		Release|Any CPU = Release|Any CPU
	EndGlobalSection
	GlobalSection(ProjectConfigurationPlatforms) = postSolution
		{D348AE4B-B7FB-405D-ADD7-BF877CF08DBA}.Debug|Any CPU.ActiveCfg = Debug|Any CPU
		{D348AE4B-B7FB-405D-ADD7-BF877CF08DBA}.Debug|Any CPU.Build.0 = Debug|Any CPU
		{D348AE4B-B7FB-405D-ADD7-BF877CF08DBA}.Release|Any CPU.ActiveCfg = Release|Any CPU
		{D348AE4B-B7FB-405D-ADD7-BF877CF08DBA}.Release|Any CPU.Build.0 = Release|Any CPU
	EndGlobalSection
	GlobalSection(SolutionProperties) = preSolution
		HideSolutionNode = FALSE
	EndGlobalSection
	GlobalSection(ExtensibilityGlobals) = postSolution
		SolutionGuid = {47F08379-1D5B-4138-923A-4D0A88DA29B0}
	EndGlobalSection
EndGlobal
